
Microsoft Visual Studio Solution File, Format Version 12.00
# Visual Studio Version 17
VisualStudioVersion = 17.3.32825.248
MinimumVisualStudioVersion = 10.0.40219.1
Project("{FAE04EC0-301F-11D3-BF4B-00C04F79EFBC}") = "UniversityApp", "UniversityApp\UniversityApp.csproj", "{B268080C-0900-4903-808E-F7EF8001CE92}"
EndProject
Global
	GlobalSection(SolutionConfigurationPlatforms) = preSolution
		Debug|Any CPU = Debug|Any CPU
		Release|Any CPU = Release|Any CPU
	EndGlobalSection
	GlobalSection(ProjectConfigurationPlatforms) = postSolution
		{B268080C-0900-4903-808E-F7EF8001CE92}.Debug|Any CPU.ActiveCfg = Debug|Any CPU
		{B268080C-0900-4903-808E-F7EF8001CE92}.Debug|Any CPU.Build.0 = Debug|Any CPU
		{B268080C-0900-4903-808E-F7EF8001CE92}.Release|Any CPU.ActiveCfg = Release|Any CPU
		{B268080C-0900-4903-808E-F7EF8001CE92}.Release|Any CPU.Build.0 = Release|Any CPU
	EndGlobalSection
	GlobalSection(SolutionProperties) = preSolution
		HideSolutionNode = FALSE
	EndGlobalSection
	GlobalSection(ExtensibilityGlobals) = postSolution
		SolutionGuid = {DC4BF5DD-3290-4DD2-863D-759505EE5EF7}
	EndGlobalSection
EndGlobal
