
Microsoft Visual Studio Solution File, Format Version 12.00
# Visual Studio Version 17
VisualStudioVersion = 17.3.32825.248
MinimumVisualStudioVersion = 10.0.40219.1
Project("{FAE04EC0-301F-11D3-BF4B-00C04F79EFBC}") = "OnlineShop", "OnlineShop\OnlineShop.csproj", "{D94C1F94-6C74-4FF4-8BA8-12C88A18B30B}"
EndProject
Global
	GlobalSection(SolutionConfigurationPlatforms) = preSolution
		Debug|Any CPU = Debug|Any CPU
		Release|Any CPU = Release|Any CPU
	EndGlobalSection
	GlobalSection(ProjectConfigurationPlatforms) = postSolution
		{D94C1F94-6C74-4FF4-8BA8-12C88A18B30B}.Debug|Any CPU.ActiveCfg = Debug|Any CPU
		{D94C1F94-6C74-4FF4-8BA8-12C88A18B30B}.Debug|Any CPU.Build.0 = Debug|Any CPU
		{D94C1F94-6C74-4FF4-8BA8-12C88A18B30B}.Release|Any CPU.ActiveCfg = Release|Any CPU
		{D94C1F94-6C74-4FF4-8BA8-12C88A18B30B}.Release|Any CPU.Build.0 = Release|Any CPU
	EndGlobalSection
	GlobalSection(SolutionProperties) = preSolution
		HideSolutionNode = FALSE
	EndGlobalSection
	GlobalSection(ExtensibilityGlobals) = postSolution
		SolutionGuid = {42F2698A-6055-46D2-A787-D03964B9D8DE}
	EndGlobalSection
EndGlobal
